
Microsoft Visual Studio Solution File, Format Version 12.00
# Visual Studio Version 17
VisualStudioVersion = 17.1.32228.430
MinimumVisualStudioVersion = 10.0.40219.1
Project("{FAE04EC0-301F-11D3-BF4B-00C04F79EFBC}") = "Examples", "Examples\Examples.csproj", "{A21470D9-6639-4628-BE8D-93B853316B81}"
EndProject
Project("{FAE04EC0-301F-11D3-BF4B-00C04F79EFBC}") = "Examples.Tests", "Examples.Tests\Examples.Tests.csproj", "{698FBE33-E1EA-486F-9395-3FECBE87544F}"
EndProject
Global
	GlobalSection(SolutionConfigurationPlatforms) = preSolution
		Debug|Any CPU = Debug|Any CPU
		Release|Any CPU = Release|Any CPU
	EndGlobalSection
	GlobalSection(ProjectConfigurationPlatforms) = postSolution
		{A21470D9-6639-4628-BE8D-93B853316B81}.Debug|Any CPU.ActiveCfg = Debug|Any CPU
		{A21470D9-6639-4628-BE8D-93B853316B81}.Debug|Any CPU.Build.0 = Debug|Any CPU
		{A21470D9-6639-4628-BE8D-93B853316B81}.Release|Any CPU.ActiveCfg = Release|Any CPU
		{A21470D9-6639-4628-BE8D-93B853316B81}.Release|Any CPU.Build.0 = Release|Any CPU
		{698FBE33-E1EA-486F-9395-3FECBE87544F}.Debug|Any CPU.ActiveCfg = Debug|Any CPU
		{698FBE33-E1EA-486F-9395-3FECBE87544F}.Debug|Any CPU.Build.0 = Debug|Any CPU
		{698FBE33-E1EA-486F-9395-3FECBE87544F}.Release|Any CPU.ActiveCfg = Release|Any CPU
		{698FBE33-E1EA-486F-9395-3FECBE87544F}.Release|Any CPU.Build.0 = Release|Any CPU
	EndGlobalSection
	GlobalSection(SolutionProperties) = preSolution
		HideSolutionNode = FALSE
	EndGlobalSection
	GlobalSection(ExtensibilityGlobals) = postSolution
		SolutionGuid = {6A0D8B9A-32EB-467F-A72F-4B1F5E41E939}
	EndGlobalSection
EndGlobal
